// !$*UTF8*$!
{
	archiveVersion = 1;
	classes = {
	};
	objectVersion = 56;
	objects = {

/* Begin PBXBuildFile section */
		20A975E710162A9ACC79E5EF /* amplifyconfiguration.json in Resources */ = {isa = PBXBuildFile; fileRef = CBC1F23054012FDA91F790C3 /* amplifyconfiguration.json */; };
		427439BD555B8864831A4B67 /* Pods_Portfolio_LogInPage.framework in Frameworks */ = {isa = PBXBuildFile; fileRef = 6C4CA924B80D5FAC136843B4 /* Pods_Portfolio_LogInPage.framework */; };
		C5C8DEB334093BB262FF7236 /* awsconfiguration.json in Resources */ = {isa = PBXBuildFile; fileRef = FAAC957DDF58B423E7B6AB83 /* awsconfiguration.json */; };
		EB44380B2C4A1C03003B9B66 /* SessionManager.swift in Sources */ = {isa = PBXBuildFile; fileRef = EB44380A2C4A1C03003B9B66 /* SessionManager.swift */; };
		EB44380D2C4A1E1A003B9B66 /* SignUpScreen.swift in Sources */ = {isa = PBXBuildFile; fileRef = EB44380C2C4A1E1A003B9B66 /* SignUpScreen.swift */; };
		EB44380F2C4A20E6003B9B66 /* ConfirmationScreen.swift in Sources */ = {isa = PBXBuildFile; fileRef = EB44380E2C4A20E6003B9B66 /* ConfirmationScreen.swift */; };
		EB4438132C4C4C25003B9B66 /* DashboardScreen.swift in Sources */ = {isa = PBXBuildFile; fileRef = EB4438122C4C4C25003B9B66 /* DashboardScreen.swift */; };
		EB4438192C4CB639003B9B66 /* SceneDelegate.swift in Sources */ = {isa = PBXBuildFile; fileRef = EB4438182C4CB639003B9B66 /* SceneDelegate.swift */; };
		EBB9893D2C42358100056A0E /* Portfolio_LogInPageApp.swift in Sources */ = {isa = PBXBuildFile; fileRef = EBB9893C2C42358100056A0E /* Portfolio_LogInPageApp.swift */; };
		EBB989412C42358300056A0E /* Assets.xcassets in Resources */ = {isa = PBXBuildFile; fileRef = EBB989402C42358300056A0E /* Assets.xcassets */; };
		EBB989442C42358300056A0E /* Preview Assets.xcassets in Resources */ = {isa = PBXBuildFile; fileRef = EBB989432C42358300056A0E /* Preview Assets.xcassets */; };
		EBB9894B2C4235B200056A0E /* LogInScreen.swift in Sources */ = {isa = PBXBuildFile; fileRef = EBB9894A2C4235B200056A0E /* LogInScreen.swift */; };
/* End PBXBuildFile section */

/* Begin PBXFileReference section */
		58482DEB4AA5885A22CEE8ED /* Pods-Portfolio_LogInPage.debug.xcconfig */ = {isa = PBXFileReference; includeInIndex = 1; lastKnownFileType = text.xcconfig; name = "Pods-Portfolio_LogInPage.debug.xcconfig"; path = "Target Support Files/Pods-Portfolio_LogInPage/Pods-Portfolio_LogInPage.debug.xcconfig"; sourceTree = "<group>"; };
		6C4CA924B80D5FAC136843B4 /* Pods_Portfolio_LogInPage.framework */ = {isa = PBXFileReference; explicitFileType = wrapper.framework; includeInIndex = 0; path = Pods_Portfolio_LogInPage.framework; sourceTree = BUILT_PRODUCTS_DIR; };
		CBC1F23054012FDA91F790C3 /* amplifyconfiguration.json */ = {isa = PBXFileReference; explicitFileType = text.json; path = amplifyconfiguration.json; sourceTree = "<group>"; };
		DB3D266D6222312B782C20BE /* Pods-Portfolio_LogInPage.release.xcconfig */ = {isa = PBXFileReference; includeInIndex = 1; lastKnownFileType = text.xcconfig; name = "Pods-Portfolio_LogInPage.release.xcconfig"; path = "Target Support Files/Pods-Portfolio_LogInPage/Pods-Portfolio_LogInPage.release.xcconfig"; sourceTree = "<group>"; };
		EB44380A2C4A1C03003B9B66 /* SessionManager.swift */ = {isa = PBXFileReference; lastKnownFileType = sourcecode.swift; path = SessionManager.swift; sourceTree = "<group>"; };
		EB44380C2C4A1E1A003B9B66 /* SignUpScreen.swift */ = {isa = PBXFileReference; lastKnownFileType = sourcecode.swift; path = SignUpScreen.swift; sourceTree = "<group>"; };
		EB44380E2C4A20E6003B9B66 /* ConfirmationScreen.swift */ = {isa = PBXFileReference; lastKnownFileType = sourcecode.swift; path = ConfirmationScreen.swift; sourceTree = "<group>"; };
		EB4438122C4C4C25003B9B66 /* DashboardScreen.swift */ = {isa = PBXFileReference; lastKnownFileType = sourcecode.swift; path = DashboardScreen.swift; sourceTree = "<group>"; };
		EB4438182C4CB639003B9B66 /* SceneDelegate.swift */ = {isa = PBXFileReference; lastKnownFileType = sourcecode.swift; path = SceneDelegate.swift; sourceTree = "<group>"; };
		EBB989392C42358100056A0E /* Portfolio_LogInPage.app */ = {isa = PBXFileReference; explicitFileType = wrapper.application; includeInIndex = 0; path = Portfolio_LogInPage.app; sourceTree = BUILT_PRODUCTS_DIR; };
		EBB9893C2C42358100056A0E /* Portfolio_LogInPageApp.swift */ = {isa = PBXFileReference; lastKnownFileType = sourcecode.swift; path = Portfolio_LogInPageApp.swift; sourceTree = "<group>"; };
		EBB989402C42358300056A0E /* Assets.xcassets */ = {isa = PBXFileReference; lastKnownFileType = folder.assetcatalog; path = Assets.xcassets; sourceTree = "<group>"; };
		EBB989432C42358300056A0E /* Preview Assets.xcassets */ = {isa = PBXFileReference; lastKnownFileType = folder.assetcatalog; path = "Preview Assets.xcassets"; sourceTree = "<group>"; };
		EBB9894A2C4235B200056A0E /* LogInScreen.swift */ = {isa = PBXFileReference; lastKnownFileType = sourcecode.swift; path = LogInScreen.swift; sourceTree = "<group>"; };
		FAAC957DDF58B423E7B6AB83 /* awsconfiguration.json */ = {isa = PBXFileReference; explicitFileType = text.json; path = awsconfiguration.json; sourceTree = "<group>"; };
/* End PBXFileReference section */

/* Begin PBXFrameworksBuildPhase section */
		EBB989362C42358100056A0E /* Frameworks */ = {
			isa = PBXFrameworksBuildPhase;
			buildActionMask = 2147483647;
			files = (
				427439BD555B8864831A4B67 /* Pods_Portfolio_LogInPage.framework in Frameworks */,
			);
			runOnlyForDeploymentPostprocessing = 0;
		};
/* End PBXFrameworksBuildPhase section */

/* Begin PBXGroup section */
		4898DEB3A83C2037072A0C60 /* Frameworks */ = {
			isa = PBXGroup;
			children = (
				6C4CA924B80D5FAC136843B4 /* Pods_Portfolio_LogInPage.framework */,
			);
			name = Frameworks;
			sourceTree = "<group>";
		};
		992A7500234B7F40C430D97B /* Pods */ = {
			isa = PBXGroup;
			children = (
				58482DEB4AA5885A22CEE8ED /* Pods-Portfolio_LogInPage.debug.xcconfig */,
				DB3D266D6222312B782C20BE /* Pods-Portfolio_LogInPage.release.xcconfig */,
			);
			path = Pods;
			sourceTree = "<group>";
		};
		EBB989302C42358100056A0E = {
			isa = PBXGroup;
			children = (
				EBB9893B2C42358100056A0E /* Portfolio_LogInPage */,
				EBB9893A2C42358100056A0E /* Products */,
				992A7500234B7F40C430D97B /* Pods */,
				4898DEB3A83C2037072A0C60 /* Frameworks */,
				F59F9F7D1A4557AE3C1366AC /* AmplifyConfig */,
			);
			sourceTree = "<group>";
		};
		EBB9893A2C42358100056A0E /* Products */ = {
			isa = PBXGroup;
			children = (
				EBB989392C42358100056A0E /* Portfolio_LogInPage.app */,
			);
			name = Products;
			sourceTree = "<group>";
		};
		EBB9893B2C42358100056A0E /* Portfolio_LogInPage */ = {
			isa = PBXGroup;
			children = (
				EB44380A2C4A1C03003B9B66 /* SessionManager.swift */,
				EBB9893C2C42358100056A0E /* Portfolio_LogInPageApp.swift */,
				EBB989402C42358300056A0E /* Assets.xcassets */,
				EBB989422C42358300056A0E /* Preview Content */,
				EBB9894A2C4235B200056A0E /* LogInScreen.swift */,
				EB44380C2C4A1E1A003B9B66 /* SignUpScreen.swift */,
				EB44380E2C4A20E6003B9B66 /* ConfirmationScreen.swift */,
				EB4438122C4C4C25003B9B66 /* DashboardScreen.swift */,
				EB4438182C4CB639003B9B66 /* SceneDelegate.swift */,
			);
			path = Portfolio_LogInPage;
			sourceTree = "<group>";
		};
		EBB989422C42358300056A0E /* Preview Content */ = {
			isa = PBXGroup;
			children = (
				EBB989432C42358300056A0E /* Preview Assets.xcassets */,
			);
			path = "Preview Content";
			sourceTree = "<group>";
		};
		F59F9F7D1A4557AE3C1366AC /* AmplifyConfig */ = {
			isa = PBXGroup;
			children = (
				FAAC957DDF58B423E7B6AB83 /* awsconfiguration.json */,
				CBC1F23054012FDA91F790C3 /* amplifyconfiguration.json */,
			);
			name = AmplifyConfig;
			sourceTree = "<group>";
		};
/* End PBXGroup section */

/* Begin PBXNativeTarget section */
		EBB989382C42358100056A0E /* Portfolio_LogInPage */ = {
			isa = PBXNativeTarget;
			buildConfigurationList = EBB989472C42358300056A0E /* Build configuration list for PBXNativeTarget "Portfolio_LogInPage" */;
			buildPhases = (
				FA12A9C13709234558054397 /* [CP] Check Pods Manifest.lock */,
				EBB989352C42358100056A0E /* Sources */,
				EBB989362C42358100056A0E /* Frameworks */,
				EBB989372C42358100056A0E /* Resources */,
				1D62F5D7C1AB16E331CC48DC /* [CP] Embed Pods Frameworks */,
			);
			buildRules = (
			);
			dependencies = (
			);
			name = Portfolio_LogInPage;
			productName = Portfolio_LogInPage;
			productReference = EBB989392C42358100056A0E /* Portfolio_LogInPage.app */;
			productType = "com.apple.product-type.application";
		};
/* End PBXNativeTarget section */

/* Begin PBXProject section */
		EBB989312C42358100056A0E /* Project object */ = {
			isa = PBXProject;
			attributes = {
				BuildIndependentTargetsInParallel = 1;
				LastSwiftUpdateCheck = 1540;
				LastUpgradeCheck = 1540;
				TargetAttributes = {
					EBB989382C42358100056A0E = {
						CreatedOnToolsVersion = 15.4;
					};
				};
			};
			buildConfigurationList = EBB989342C42358100056A0E /* Build configuration list for PBXProject "Portfolio_LogInPage" */;
			compatibilityVersion = "Xcode 14.0";
			developmentRegion = en;
			hasScannedForEncodings = 0;
			knownRegions = (
				en,
				Base,
			);
			mainGroup = EBB989302C42358100056A0E;
			productRefGroup = EBB9893A2C42358100056A0E /* Products */;
			projectDirPath = "";
			projectRoot = "";
			targets = (
				EBB989382C42358100056A0E /* Portfolio_LogInPage */,
			);
		};
/* End PBXProject section */

/* Begin PBXResourcesBuildPhase section */
		EBB989372C42358100056A0E /* Resources */ = {
			isa = PBXResourcesBuildPhase;
			buildActionMask = 2147483647;
			files = (
				EBB989442C42358300056A0E /* Preview Assets.xcassets in Resources */,
				EBB989412C42358300056A0E /* Assets.xcassets in Resources */,
				C5C8DEB334093BB262FF7236 /* awsconfiguration.json in Resources */,
				20A975E710162A9ACC79E5EF /* amplifyconfiguration.json in Resources */,
			);
			runOnlyForDeploymentPostprocessing = 0;
		};
/* End PBXResourcesBuildPhase section */

/* Begin PBXShellScriptBuildPhase section */
		1D62F5D7C1AB16E331CC48DC /* [CP] Embed Pods Frameworks */ = {
			isa = PBXShellScriptBuildPhase;
			buildActionMask = 2147483647;
			files = (
			);
			inputFileListPaths = (
				"${PODS_ROOT}/Target Support Files/Pods-Portfolio_LogInPage/Pods-Portfolio_LogInPage-frameworks-${CONFIGURATION}-input-files.xcfilelist",
			);
			inputPaths = (
			);
			name = "[CP] Embed Pods Frameworks";
			outputFileListPaths = (
				"${PODS_ROOT}/Target Support Files/Pods-Portfolio_LogInPage/Pods-Portfolio_LogInPage-frameworks-${CONFIGURATION}-output-files.xcfilelist",
			);
			outputPaths = (
			);
			runOnlyForDeploymentPostprocessing = 0;
			shellPath = /bin/sh;
			shellScript = "\"${PODS_ROOT}/Target Support Files/Pods-Portfolio_LogInPage/Pods-Portfolio_LogInPage-frameworks.sh\"\n";
			showEnvVarsInLog = 0;
		};
		FA12A9C13709234558054397 /* [CP] Check Pods Manifest.lock */ = {
			isa = PBXShellScriptBuildPhase;
			buildActionMask = 2147483647;
			files = (
			);
			inputFileListPaths = (
			);
			inputPaths = (
				"${PODS_PODFILE_DIR_PATH}/Podfile.lock",
				"${PODS_ROOT}/Manifest.lock",
			);
			name = "[CP] Check Pods Manifest.lock";
			outputFileListPaths = (
			);
			outputPaths = (
				"$(DERIVED_FILE_DIR)/Pods-Portfolio_LogInPage-checkManifestLockResult.txt",
			);
			runOnlyForDeploymentPostprocessing = 0;
			shellPath = /bin/sh;
			shellScript = "diff \"${PODS_PODFILE_DIR_PATH}/Podfile.lock\" \"${PODS_ROOT}/Manifest.lock\" > /dev/null\nif [ $? != 0 ] ; then\n    # print error to STDERR\n    echo \"error: The sandbox is not in sync with the Podfile.lock. Run 'pod install' or update your CocoaPods installation.\" >&2\n    exit 1\nfi\n# This output is used by Xcode 'outputs' to avoid re-running this script phase.\necho \"SUCCESS\" > \"${SCRIPT_OUTPUT_FILE_0}\"\n";
			showEnvVarsInLog = 0;
		};
/* End PBXShellScriptBuildPhase section */

/* Begin PBXSourcesBuildPhase section */
		EBB989352C42358100056A0E /* Sources */ = {
			isa = PBXSourcesBuildPhase;
			buildActionMask = 2147483647;
			files = (
				EBB9894B2C4235B200056A0E /* LogInScreen.swift in Sources */,
				EB4438192C4CB639003B9B66 /* SceneDelegate.swift in Sources */,
				EBB9893D2C42358100056A0E /* Portfolio_LogInPageApp.swift in Sources */,
				EB4438132C4C4C25003B9B66 /* DashboardScreen.swift in Sources */,
				EB44380F2C4A20E6003B9B66 /* ConfirmationScreen.swift in Sources */,
				EB44380B2C4A1C03003B9B66 /* SessionManager.swift in Sources */,
				EB44380D2C4A1E1A003B9B66 /* SignUpScreen.swift in Sources */,
			);
			runOnlyForDeploymentPostprocessing = 0;
		};
/* End PBXSourcesBuildPhase section */

/* Begin XCBuildConfiguration section */
		EBB989452C42358300056A0E /* Debug */ = {
			isa = XCBuildConfiguration;
			buildSettings = {
				ALWAYS_SEARCH_USER_PATHS = NO;
				ASSETCATALOG_COMPILER_GENERATE_SWIFT_ASSET_SYMBOL_EXTENSIONS = YES;
				CLANG_ANALYZER_NONNULL = YES;
				CLANG_ANALYZER_NUMBER_OBJECT_CONVERSION = YES_AGGRESSIVE;
				CLANG_CXX_LANGUAGE_STANDARD = "gnu++20";
				CLANG_ENABLE_MODULES = YES;
				CLANG_ENABLE_OBJC_ARC = YES;
				CLANG_ENABLE_OBJC_WEAK = YES;
				CLANG_WARN_BLOCK_CAPTURE_AUTORELEASING = YES;
				CLANG_WARN_BOOL_CONVERSION = YES;
				CLANG_WARN_COMMA = YES;
				CLANG_WARN_CONSTANT_CONVERSION = YES;
				CLANG_WARN_DEPRECATED_OBJC_IMPLEMENTATIONS = YES;
				CLANG_WARN_DIRECT_OBJC_ISA_USAGE = YES_ERROR;
				CLANG_WARN_DOCUMENTATION_COMMENTS = YES;
				CLANG_WARN_EMPTY_BODY = YES;
				CLANG_WARN_ENUM_CONVERSION = YES;
				CLANG_WARN_INFINITE_RECURSION = YES;
				CLANG_WARN_INT_CONVERSION = YES;
				CLANG_WARN_NON_LITERAL_NULL_CONVERSION = YES;
				CLANG_WARN_OBJC_IMPLICIT_RETAIN_SELF = YES;
				CLANG_WARN_OBJC_LITERAL_CONVERSION = YES;
				CLANG_WARN_OBJC_ROOT_CLASS = YES_ERROR;
				CLANG_WARN_QUOTED_INCLUDE_IN_FRAMEWORK_HEADER = YES;
				CLANG_WARN_RANGE_LOOP_ANALYSIS = YES;
				CLANG_WARN_STRICT_PROTOTYPES = YES;
				CLANG_WARN_SUSPICIOUS_MOVE = YES;
				CLANG_WARN_UNGUARDED_AVAILABILITY = YES_AGGRESSIVE;
				CLANG_WARN_UNREACHABLE_CODE = YES;
				CLANG_WARN__DUPLICATE_METHOD_MATCH = YES;
				COPY_PHASE_STRIP = NO;
				DEBUG_INFORMATION_FORMAT = dwarf;
				ENABLE_STRICT_OBJC_MSGSEND = YES;
				ENABLE_TESTABILITY = YES;
				ENABLE_USER_SCRIPT_SANDBOXING = YES;
				GCC_C_LANGUAGE_STANDARD = gnu17;
				GCC_DYNAMIC_NO_PIC = NO;
				GCC_NO_COMMON_BLOCKS = YES;
				GCC_OPTIMIZATION_LEVEL = 0;
				GCC_PREPROCESSOR_DEFINITIONS = (
					"DEBUG=1",
					"$(inherited)",
				);
				GCC_WARN_64_TO_32_BIT_CONVERSION = YES;
				GCC_WARN_ABOUT_RETURN_TYPE = YES_ERROR;
				GCC_WARN_UNDECLARED_SELECTOR = YES;
				GCC_WARN_UNINITIALIZED_AUTOS = YES_AGGRESSIVE;
				GCC_WARN_UNUSED_FUNCTION = YES;
				GCC_WARN_UNUSED_VARIABLE = YES;
				IPHONEOS_DEPLOYMENT_TARGET = 17.5;
				LOCALIZATION_PREFERS_STRING_CATALOGS = YES;
				MTL_ENABLE_DEBUG_INFO = INCLUDE_SOURCE;
				MTL_FAST_MATH = YES;
				ONLY_ACTIVE_ARCH = YES;
				SDKROOT = iphoneos;
				SWIFT_ACTIVE_COMPILATION_CONDITIONS = "DEBUG $(inherited)";
				SWIFT_OPTIMIZATION_LEVEL = "-Onone";
			};
			name = Debug;
		};
		EBB989462C42358300056A0E /* Release */ = {
			isa = XCBuildConfiguration;
			buildSettings = {
				ALWAYS_SEARCH_USER_PATHS = NO;
				ASSETCATALOG_COMPILER_GENERATE_SWIFT_ASSET_SYMBOL_EXTENSIONS = YES;
				CLANG_ANALYZER_NONNULL = YES;
				CLANG_ANALYZER_NUMBER_OBJECT_CONVERSION = YES_AGGRESSIVE;
				CLANG_CXX_LANGUAGE_STANDARD = "gnu++20";
				CLANG_ENABLE_MODULES = YES;
				CLANG_ENABLE_OBJC_ARC = YES;
				CLANG_ENABLE_OBJC_WEAK = YES;
				CLANG_WARN_BLOCK_CAPTURE_AUTORELEASING = YES;
				CLANG_WARN_BOOL_CONVERSION = YES;
				CLANG_WARN_COMMA = YES;
				CLANG_WARN_CONSTANT_CONVERSION = YES;
				CLANG_WARN_DEPRECATED_OBJC_IMPLEMENTATIONS = YES;
				CLANG_WARN_DIRECT_OBJC_ISA_USAGE = YES_ERROR;
				CLANG_WARN_DOCUMENTATION_COMMENTS = YES;
				CLANG_WARN_EMPTY_BODY = YES;
				CLANG_WARN_ENUM_CONVERSION = YES;
				CLANG_WARN_INFINITE_RECURSION = YES;
				CLANG_WARN_INT_CONVERSION = YES;
				CLANG_WARN_NON_LITERAL_NULL_CONVERSION = YES;
				CLANG_WARN_OBJC_IMPLICIT_RETAIN_SELF = YES;
				CLANG_WARN_OBJC_LITERAL_CONVERSION = YES;
				CLANG_WARN_OBJC_ROOT_CLASS = YES_ERROR;
				CLANG_WARN_QUOTED_INCLUDE_IN_FRAMEWORK_HEADER = YES;
				CLANG_WARN_RANGE_LOOP_ANALYSIS = YES;
				CLANG_WARN_STRICT_PROTOTYPES = YES;
				CLANG_WARN_SUSPICIOUS_MOVE = YES;
				CLANG_WARN_UNGUARDED_AVAILABILITY = YES_AGGRESSIVE;
				CLANG_WARN_UNREACHABLE_CODE = YES;
				CLANG_WARN__DUPLICATE_METHOD_MATCH = YES;
				COPY_PHASE_STRIP = NO;
				DEBUG_INFORMATION_FORMAT = "dwarf-with-dsym";
				ENABLE_NS_ASSERTIONS = NO;
				ENABLE_STRICT_OBJC_MSGSEND = YES;
				ENABLE_USER_SCRIPT_SANDBOXING = YES;
				GCC_C_LANGUAGE_STANDARD = gnu17;
				GCC_NO_COMMON_BLOCKS = YES;
				GCC_WARN_64_TO_32_BIT_CONVERSION = YES;
				GCC_WARN_ABOUT_RETURN_TYPE = YES_ERROR;
				GCC_WARN_UNDECLARED_SELECTOR = YES;
				GCC_WARN_UNINITIALIZED_AUTOS = YES_AGGRESSIVE;
				GCC_WARN_UNUSED_FUNCTION = YES;
				GCC_WARN_UNUSED_VARIABLE = YES;
				IPHONEOS_DEPLOYMENT_TARGET = 17.5;
				LOCALIZATION_PREFERS_STRING_CATALOGS = YES;
				MTL_ENABLE_DEBUG_INFO = NO;
				MTL_FAST_MATH = YES;
				SDKROOT = iphoneos;
				SWIFT_COMPILATION_MODE = wholemodule;
				VALIDATE_PRODUCT = YES;
			};
			name = Release;
		};
		EBB989482C42358300056A0E /* Debug */ = {
			isa = XCBuildConfiguration;
			baseConfigurationReference = 58482DEB4AA5885A22CEE8ED /* Pods-Portfolio_LogInPage.debug.xcconfig */;
			buildSettings = {
				ASSETCATALOG_COMPILER_APPICON_NAME = AppIcon;
				ASSETCATALOG_COMPILER_GLOBAL_ACCENT_COLOR_NAME = AccentColor;
				CODE_SIGN_STYLE = Automatic;
				CURRENT_PROJECT_VERSION = 1;
				DEVELOPMENT_ASSET_PATHS = "\"Portfolio_LogInPage/Preview Content\"";
				DEVELOPMENT_TEAM = 2YSQD8TR77;
				ENABLE_PREVIEWS = YES;
				ENABLE_USER_SCRIPT_SANDBOXING = NO;
				GENERATE_INFOPLIST_FILE = YES;
				INFOPLIST_KEY_UIApplicationSceneManifest_Generation = YES;
				INFOPLIST_KEY_UIApplicationSupportsIndirectInputEvents = YES;
				INFOPLIST_KEY_UILaunchScreen_Generation = YES;
				INFOPLIST_KEY_UISupportedInterfaceOrientations_iPad = "UIInterfaceOrientationPortrait UIInterfaceOrientationPortraitUpsideDown UIInterfaceOrientationLandscapeLeft UIInterfaceOrientationLandscapeRight";
				INFOPLIST_KEY_UISupportedInterfaceOrientations_iPhone = "UIInterfaceOrientationPortrait UIInterfaceOrientationLandscapeLeft UIInterfaceOrientationLandscapeRight";
				LD_RUNPATH_SEARCH_PATHS = (
					"$(inherited)",
					"@executable_path/Frameworks",
				);
				MARKETING_VERSION = 1.0;
				PRODUCT_BUNDLE_IDENTIFIER = "Vince-Muller.Portfolio-LogInPage";
				PRODUCT_NAME = "$(TARGET_NAME)";
				SWIFT_EMIT_LOC_STRINGS = YES;
				SWIFT_VERSION = 5.0;
				TARGETED_DEVICE_FAMILY = "1,2";
			};
			name = Debug;
		};
		EBB989492C42358300056A0E /* Release */ = {
			isa = XCBuildConfiguration;
			baseConfigurationReference = DB3D266D6222312B782C20BE /* Pods-Portfolio_LogInPage.release.xcconfig */;
			buildSettings = {
				ASSETCATALOG_COMPILER_APPICON_NAME = AppIcon;
				ASSETCATALOG_COMPILER_GLOBAL_ACCENT_COLOR_NAME = AccentColor;
				CODE_SIGN_STYLE = Automatic;
				CURRENT_PROJECT_VERSION = 1;
				DEVELOPMENT_ASSET_PATHS = "\"Portfolio_LogInPage/Preview Content\"";
				DEVELOPMENT_TEAM = 2YSQD8TR77;
				ENABLE_PREVIEWS = YES;
				ENABLE_USER_SCRIPT_SANDBOXING = NO;
				GENERATE_INFOPLIST_FILE = YES;
				INFOPLIST_KEY_UIApplicationSceneManifest_Generation = YES;
				INFOPLIST_KEY_UIApplicationSupportsIndirectInputEvents = YES;
				INFOPLIST_KEY_UILaunchScreen_Generation = YES;
				INFOPLIST_KEY_UISupportedInterfaceOrientations_iPad = "UIInterfaceOrientationPortrait UIInterfaceOrientationPortraitUpsideDown UIInterfaceOrientationLandscapeLeft UIInterfaceOrientationLandscapeRight";
				INFOPLIST_KEY_UISupportedInterfaceOrientations_iPhone = "UIInterfaceOrientationPortrait UIInterfaceOrientationLandscapeLeft UIInterfaceOrientationLandscapeRight";
				LD_RUNPATH_SEARCH_PATHS = (
					"$(inherited)",
					"@executable_path/Frameworks",
				);
				MARKETING_VERSION = 1.0;
				PRODUCT_BUNDLE_IDENTIFIER = "Vince-Muller.Portfolio-LogInPage";
				PRODUCT_NAME = "$(TARGET_NAME)";
				SWIFT_EMIT_LOC_STRINGS = YES;
				SWIFT_VERSION = 5.0;
				TARGETED_DEVICE_FAMILY = "1,2";
			};
			name = Release;
		};
/* End XCBuildConfiguration section */

/* Begin XCConfigurationList section */
		EBB989342C42358100056A0E /* Build configuration list for PBXProject "Portfolio_LogInPage" */ = {
			isa = XCConfigurationList;
			buildConfigurations = (
				EBB989452C42358300056A0E /* Debug */,
				EBB989462C42358300056A0E /* Release */,
			);
			defaultConfigurationIsVisible = 0;
			defaultConfigurationName = Release;
		};
		EBB989472C42358300056A0E /* Build configuration list for PBXNativeTarget "Portfolio_LogInPage" */ = {
			isa = XCConfigurationList;
			buildConfigurations = (
				EBB989482C42358300056A0E /* Debug */,
				EBB989492C42358300056A0E /* Release */,
			);
			defaultConfigurationIsVisible = 0;
			defaultConfigurationName = Release;
		};
/* End XCConfigurationList section */
	};
	rootObject = EBB989312C42358100056A0E /* Project object */;
}
